// !$*UTF8*$!
{
	archiveVersion = 1;
	classes = {
	};
	objectVersion = 55;
	objects = {

/* Begin PBXBuildFile section */
		1D406999655D5228A0CB3557 /* Pods_TMDb_Challenge.framework in Frameworks */ = {isa = PBXBuildFile; fileRef = 7B9C16C35D6A12FF78BAEB4E /* Pods_TMDb_Challenge.framework */; };
		78C7465427B0263F00C6B19A /* AppDelegate.swift in Sources */ = {isa = PBXBuildFile; fileRef = 78C7465327B0263F00C6B19A /* AppDelegate.swift */; };
		78C7465627B0263F00C6B19A /* SceneDelegate.swift in Sources */ = {isa = PBXBuildFile; fileRef = 78C7465527B0263F00C6B19A /* SceneDelegate.swift */; };
		78C7465827B0263F00C6B19A /* ViewController.swift in Sources */ = {isa = PBXBuildFile; fileRef = 78C7465727B0263F00C6B19A /* ViewController.swift */; };
		78C7465B27B0263F00C6B19A /* Main.storyboard in Resources */ = {isa = PBXBuildFile; fileRef = 78C7465927B0263F00C6B19A /* Main.storyboard */; };
		78C7465D27B0264100C6B19A /* Assets.xcassets in Resources */ = {isa = PBXBuildFile; fileRef = 78C7465C27B0264100C6B19A /* Assets.xcassets */; };
		78C7466027B0264100C6B19A /* LaunchScreen.storyboard in Resources */ = {isa = PBXBuildFile; fileRef = 78C7465E27B0264100C6B19A /* LaunchScreen.storyboard */; };
		78C7466A27B0282200C6B19A /* Constants.swift in Sources */ = {isa = PBXBuildFile; fileRef = 78C7466927B0282200C6B19A /* Constants.swift */; };
		78C7466C27B029FE00C6B19A /* UIColor.swift in Sources */ = {isa = PBXBuildFile; fileRef = 78C7466B27B029FE00C6B19A /* UIColor.swift */; };
		78C7466E27B02A8F00C6B19A /* UIImageView.swift in Sources */ = {isa = PBXBuildFile; fileRef = 78C7466D27B02A8F00C6B19A /* UIImageView.swift */; };
		78C7467027B08BC900C6B19A /* UILabel.swift in Sources */ = {isa = PBXBuildFile; fileRef = 78C7466F27B08BC900C6B19A /* UILabel.swift */; };
		78C7467227B08D5500C6B19A /* UIView.swift in Sources */ = {isa = PBXBuildFile; fileRef = 78C7467127B08D5500C6B19A /* UIView.swift */; };
		78C7467427B090C900C6B19A /* UIViewController.swift in Sources */ = {isa = PBXBuildFile; fileRef = 78C7467327B090C900C6B19A /* UIViewController.swift */; };
		78C7467627B092B600C6B19A /* Utilities.swift in Sources */ = {isa = PBXBuildFile; fileRef = 78C7467527B092B600C6B19A /* Utilities.swift */; };
		78C7467A27B09D6600C6B19A /* TheMovieDBService.swift in Sources */ = {isa = PBXBuildFile; fileRef = 78C7467927B09D6600C6B19A /* TheMovieDBService.swift */; };
		78C7467D27B09FFA00C6B19A /* Movies.swift in Sources */ = {isa = PBXBuildFile; fileRef = 78C7467C27B09FFA00C6B19A /* Movies.swift */; };
		78C7467F27B0B2CE00C6B19A /* MovieDetails.swift in Sources */ = {isa = PBXBuildFile; fileRef = 78C7467E27B0B2CE00C6B19A /* MovieDetails.swift */; };
		78C7468127B0B5A900C6B19A /* Similar.swift in Sources */ = {isa = PBXBuildFile; fileRef = 78C7468027B0B5A900C6B19A /* Similar.swift */; };
/* End PBXBuildFile section */

/* Begin PBXFileReference section */
		20AC4B2BEE00E5F10F61EAD3 /* Pods-TMDb-Challenge.release.xcconfig */ = {isa = PBXFileReference; includeInIndex = 1; lastKnownFileType = text.xcconfig; name = "Pods-TMDb-Challenge.release.xcconfig"; path = "Target Support Files/Pods-TMDb-Challenge/Pods-TMDb-Challenge.release.xcconfig"; sourceTree = "<group>"; };
		32402FC8D255D0ED283C243D /* Pods-TMDb-Challenge.debug.xcconfig */ = {isa = PBXFileReference; includeInIndex = 1; lastKnownFileType = text.xcconfig; name = "Pods-TMDb-Challenge.debug.xcconfig"; path = "Target Support Files/Pods-TMDb-Challenge/Pods-TMDb-Challenge.debug.xcconfig"; sourceTree = "<group>"; };
		78C7465027B0263F00C6B19A /* TMDb-Challenge.app */ = {isa = PBXFileReference; explicitFileType = wrapper.application; includeInIndex = 0; path = "TMDb-Challenge.app"; sourceTree = BUILT_PRODUCTS_DIR; };
		78C7465327B0263F00C6B19A /* AppDelegate.swift */ = {isa = PBXFileReference; lastKnownFileType = sourcecode.swift; path = AppDelegate.swift; sourceTree = "<group>"; };
		78C7465527B0263F00C6B19A /* SceneDelegate.swift */ = {isa = PBXFileReference; lastKnownFileType = sourcecode.swift; path = SceneDelegate.swift; sourceTree = "<group>"; };
		78C7465727B0263F00C6B19A /* ViewController.swift */ = {isa = PBXFileReference; lastKnownFileType = sourcecode.swift; path = ViewController.swift; sourceTree = "<group>"; };
		78C7465A27B0263F00C6B19A /* Base */ = {isa = PBXFileReference; lastKnownFileType = file.storyboard; name = Base; path = Base.lproj/Main.storyboard; sourceTree = "<group>"; };
		78C7465C27B0264100C6B19A /* Assets.xcassets */ = {isa = PBXFileReference; lastKnownFileType = folder.assetcatalog; path = Assets.xcassets; sourceTree = "<group>"; };
		78C7465F27B0264100C6B19A /* Base */ = {isa = PBXFileReference; lastKnownFileType = file.storyboard; name = Base; path = Base.lproj/LaunchScreen.storyboard; sourceTree = "<group>"; };
		78C7466127B0264100C6B19A /* Info.plist */ = {isa = PBXFileReference; lastKnownFileType = text.plist.xml; path = Info.plist; sourceTree = "<group>"; };
		78C7466927B0282200C6B19A /* Constants.swift */ = {isa = PBXFileReference; lastKnownFileType = sourcecode.swift; path = Constants.swift; sourceTree = "<group>"; };
		78C7466B27B029FE00C6B19A /* UIColor.swift */ = {isa = PBXFileReference; lastKnownFileType = sourcecode.swift; path = UIColor.swift; sourceTree = "<group>"; };
		78C7466D27B02A8F00C6B19A /* UIImageView.swift */ = {isa = PBXFileReference; lastKnownFileType = sourcecode.swift; path = UIImageView.swift; sourceTree = "<group>"; };
		78C7466F27B08BC900C6B19A /* UILabel.swift */ = {isa = PBXFileReference; lastKnownFileType = sourcecode.swift; path = UILabel.swift; sourceTree = "<group>"; };
		78C7467127B08D5500C6B19A /* UIView.swift */ = {isa = PBXFileReference; lastKnownFileType = sourcecode.swift; path = UIView.swift; sourceTree = "<group>"; };
		78C7467327B090C900C6B19A /* UIViewController.swift */ = {isa = PBXFileReference; lastKnownFileType = sourcecode.swift; path = UIViewController.swift; sourceTree = "<group>"; };
		78C7467527B092B600C6B19A /* Utilities.swift */ = {isa = PBXFileReference; lastKnownFileType = sourcecode.swift; path = Utilities.swift; sourceTree = "<group>"; };
		78C7467927B09D6600C6B19A /* TheMovieDBService.swift */ = {isa = PBXFileReference; lastKnownFileType = sourcecode.swift; path = TheMovieDBService.swift; sourceTree = "<group>"; };
		78C7467C27B09FFA00C6B19A /* Movies.swift */ = {isa = PBXFileReference; lastKnownFileType = sourcecode.swift; path = Movies.swift; sourceTree = "<group>"; };
		78C7467E27B0B2CE00C6B19A /* MovieDetails.swift */ = {isa = PBXFileReference; lastKnownFileType = sourcecode.swift; path = MovieDetails.swift; sourceTree = "<group>"; };
		78C7468027B0B5A900C6B19A /* Similar.swift */ = {isa = PBXFileReference; lastKnownFileType = sourcecode.swift; path = Similar.swift; sourceTree = "<group>"; };
		7B9C16C35D6A12FF78BAEB4E /* Pods_TMDb_Challenge.framework */ = {isa = PBXFileReference; explicitFileType = wrapper.framework; includeInIndex = 0; path = Pods_TMDb_Challenge.framework; sourceTree = BUILT_PRODUCTS_DIR; };
/* End PBXFileReference section */

/* Begin PBXFrameworksBuildPhase section */
		78C7464D27B0263F00C6B19A /* Frameworks */ = {
			isa = PBXFrameworksBuildPhase;
			buildActionMask = 2147483647;
			files = (
				1D406999655D5228A0CB3557 /* Pods_TMDb_Challenge.framework in Frameworks */,
			);
			runOnlyForDeploymentPostprocessing = 0;
		};
/* End PBXFrameworksBuildPhase section */

/* Begin PBXGroup section */
		2AA66A5FE8D656CE85970505 /* Pods */ = {
			isa = PBXGroup;
			children = (
				32402FC8D255D0ED283C243D /* Pods-TMDb-Challenge.debug.xcconfig */,
				20AC4B2BEE00E5F10F61EAD3 /* Pods-TMDb-Challenge.release.xcconfig */,
			);
			path = Pods;
			sourceTree = "<group>";
		};
		3DA85887DF104D960D2F09EE /* Frameworks */ = {
			isa = PBXGroup;
			children = (
				7B9C16C35D6A12FF78BAEB4E /* Pods_TMDb_Challenge.framework */,
			);
			name = Frameworks;
			sourceTree = "<group>";
		};
		78C7464727B0263F00C6B19A = {
			isa = PBXGroup;
			children = (
				78C7465227B0263F00C6B19A /* TMDb-Challenge */,
				78C7465127B0263F00C6B19A /* Products */,
				2AA66A5FE8D656CE85970505 /* Pods */,
				3DA85887DF104D960D2F09EE /* Frameworks */,
			);
			sourceTree = "<group>";
		};
		78C7465127B0263F00C6B19A /* Products */ = {
			isa = PBXGroup;
			children = (
				78C7465027B0263F00C6B19A /* TMDb-Challenge.app */,
			);
			name = Products;
			sourceTree = "<group>";
		};
		78C7465227B0263F00C6B19A /* TMDb-Challenge */ = {
			isa = PBXGroup;
			children = (
				78C7467B27B09FC000C6B19A /* Model */,
				78C7467827B09D4C00C6B19A /* API */,
				78C7466727B0270800C6B19A /* Utils */,
				78C7465327B0263F00C6B19A /* AppDelegate.swift */,
				78C7465527B0263F00C6B19A /* SceneDelegate.swift */,
				78C7465727B0263F00C6B19A /* ViewController.swift */,
				78C7465927B0263F00C6B19A /* Main.storyboard */,
				78C7465C27B0264100C6B19A /* Assets.xcassets */,
				78C7465E27B0264100C6B19A /* LaunchScreen.storyboard */,
				78C7466127B0264100C6B19A /* Info.plist */,
			);
			path = "TMDb-Challenge";
			sourceTree = "<group>";
		};
		78C7466727B0270800C6B19A /* Utils */ = {
			isa = PBXGroup;
			children = (
				78C7466927B0282200C6B19A /* Constants.swift */,
				78C7466B27B029FE00C6B19A /* UIColor.swift */,
				78C7466D27B02A8F00C6B19A /* UIImageView.swift */,
				78C7466F27B08BC900C6B19A /* UILabel.swift */,
				78C7467127B08D5500C6B19A /* UIView.swift */,
				78C7467327B090C900C6B19A /* UIViewController.swift */,
				78C7467527B092B600C6B19A /* Utilities.swift */,
			);
			path = Utils;
			sourceTree = "<group>";
		};
		78C7467827B09D4C00C6B19A /* API */ = {
			isa = PBXGroup;
			children = (
				78C7467927B09D6600C6B19A /* TheMovieDBService.swift */,
			);
			path = API;
			sourceTree = "<group>";
		};
		78C7467B27B09FC000C6B19A /* Model */ = {
			isa = PBXGroup;
			children = (
				78C7467C27B09FFA00C6B19A /* Movies.swift */,
				78C7467E27B0B2CE00C6B19A /* MovieDetails.swift */,
				78C7468027B0B5A900C6B19A /* Similar.swift */,
			);
			path = Model;
			sourceTree = "<group>";
		};
/* End PBXGroup section */

/* Begin PBXNativeTarget section */
		78C7464F27B0263F00C6B19A /* TMDb-Challenge */ = {
			isa = PBXNativeTarget;
			buildConfigurationList = 78C7466427B0264100C6B19A /* Build configuration list for PBXNativeTarget "TMDb-Challenge" */;
			buildPhases = (
				A29FE6FE422FB50AA99D258E /* [CP] Check Pods Manifest.lock */,
				78C7464C27B0263F00C6B19A /* Sources */,
				78C7464D27B0263F00C6B19A /* Frameworks */,
				78C7464E27B0263F00C6B19A /* Resources */,
				995900AE05A48DFE4E7695AF /* [CP] Embed Pods Frameworks */,
			);
			buildRules = (
			);
			dependencies = (
			);
			name = "TMDb-Challenge";
			productName = "TMDb-Challenge";
			productReference = 78C7465027B0263F00C6B19A /* TMDb-Challenge.app */;
			productType = "com.apple.product-type.application";
		};
/* End PBXNativeTarget section */

/* Begin PBXProject section */
		78C7464827B0263F00C6B19A /* Project object */ = {
			isa = PBXProject;
			attributes = {
				BuildIndependentTargetsInParallel = 1;
				LastSwiftUpdateCheck = 1310;
				LastUpgradeCheck = 1310;
				TargetAttributes = {
					78C7464F27B0263F00C6B19A = {
						CreatedOnToolsVersion = 13.1;
					};
				};
			};
			buildConfigurationList = 78C7464B27B0263F00C6B19A /* Build configuration list for PBXProject "TMDb-Challenge" */;
			compatibilityVersion = "Xcode 13.0";
			developmentRegion = en;
			hasScannedForEncodings = 0;
			knownRegions = (
				en,
				Base,
			);
			mainGroup = 78C7464727B0263F00C6B19A;
			productRefGroup = 78C7465127B0263F00C6B19A /* Products */;
			projectDirPath = "";
			projectRoot = "";
			targets = (
				78C7464F27B0263F00C6B19A /* TMDb-Challenge */,
			);
		};
/* End PBXProject section */

/* Begin PBXResourcesBuildPhase section */
		78C7464E27B0263F00C6B19A /* Resources */ = {
			isa = PBXResourcesBuildPhase;
			buildActionMask = 2147483647;
			files = (
				78C7466027B0264100C6B19A /* LaunchScreen.storyboard in Resources */,
				78C7465D27B0264100C6B19A /* Assets.xcassets in Resources */,
				78C7465B27B0263F00C6B19A /* Main.storyboard in Resources */,
			);
			runOnlyForDeploymentPostprocessing = 0;
		};
/* End PBXResourcesBuildPhase section */

/* Begin PBXShellScriptBuildPhase section */
		995900AE05A48DFE4E7695AF /* [CP] Embed Pods Frameworks */ = {
			isa = PBXShellScriptBuildPhase;
			buildActionMask = 2147483647;
			files = (
			);
			inputFileListPaths = (
				"${PODS_ROOT}/Target Support Files/Pods-TMDb-Challenge/Pods-TMDb-Challenge-frameworks-${CONFIGURATION}-input-files.xcfilelist",
			);
			name = "[CP] Embed Pods Frameworks";
			outputFileListPaths = (
				"${PODS_ROOT}/Target Support Files/Pods-TMDb-Challenge/Pods-TMDb-Challenge-frameworks-${CONFIGURATION}-output-files.xcfilelist",
			);
			runOnlyForDeploymentPostprocessing = 0;
			shellPath = /bin/sh;
			shellScript = "\"${PODS_ROOT}/Target Support Files/Pods-TMDb-Challenge/Pods-TMDb-Challenge-frameworks.sh\"\n";
			showEnvVarsInLog = 0;
		};
		A29FE6FE422FB50AA99D258E /* [CP] Check Pods Manifest.lock */ = {
			isa = PBXShellScriptBuildPhase;
			buildActionMask = 2147483647;
			files = (
			);
			inputFileListPaths = (
			);
			inputPaths = (
				"${PODS_PODFILE_DIR_PATH}/Podfile.lock",
				"${PODS_ROOT}/Manifest.lock",
			);
			name = "[CP] Check Pods Manifest.lock";
			outputFileListPaths = (
			);
			outputPaths = (
				"$(DERIVED_FILE_DIR)/Pods-TMDb-Challenge-checkManifestLockResult.txt",
			);
			runOnlyForDeploymentPostprocessing = 0;
			shellPath = /bin/sh;
			shellScript = "diff \"${PODS_PODFILE_DIR_PATH}/Podfile.lock\" \"${PODS_ROOT}/Manifest.lock\" > /dev/null\nif [ $? != 0 ] ; then\n    # print error to STDERR\n    echo \"error: The sandbox is not in sync with the Podfile.lock. Run 'pod install' or update your CocoaPods installation.\" >&2\n    exit 1\nfi\n# This output is used by Xcode 'outputs' to avoid re-running this script phase.\necho \"SUCCESS\" > \"${SCRIPT_OUTPUT_FILE_0}\"\n";
			showEnvVarsInLog = 0;
		};
/* End PBXShellScriptBuildPhase section */

/* Begin PBXSourcesBuildPhase section */
		78C7464C27B0263F00C6B19A /* Sources */ = {
			isa = PBXSourcesBuildPhase;
			buildActionMask = 2147483647;
			files = (
				78C7467227B08D5500C6B19A /* UIView.swift in Sources */,
				78C7468127B0B5A900C6B19A /* Similar.swift in Sources */,
				78C7465827B0263F00C6B19A /* ViewController.swift in Sources */,
				78C7467D27B09FFA00C6B19A /* Movies.swift in Sources */,
				78C7467427B090C900C6B19A /* UIViewController.swift in Sources */,
				78C7467F27B0B2CE00C6B19A /* MovieDetails.swift in Sources */,
				78C7467A27B09D6600C6B19A /* TheMovieDBService.swift in Sources */,
				78C7465427B0263F00C6B19A /* AppDelegate.swift in Sources */,
				78C7467027B08BC900C6B19A /* UILabel.swift in Sources */,
				78C7465627B0263F00C6B19A /* SceneDelegate.swift in Sources */,
				78C7466A27B0282200C6B19A /* Constants.swift in Sources */,
				78C7466E27B02A8F00C6B19A /* UIImageView.swift in Sources */,
				78C7467627B092B600C6B19A /* Utilities.swift in Sources */,
				78C7466C27B029FE00C6B19A /* UIColor.swift in Sources */,
			);
			runOnlyForDeploymentPostprocessing = 0;
		};
/* End PBXSourcesBuildPhase section */

/* Begin PBXVariantGroup section */
		78C7465927B0263F00C6B19A /* Main.storyboard */ = {
			isa = PBXVariantGroup;
			children = (
				78C7465A27B0263F00C6B19A /* Base */,
			);
			name = Main.storyboard;
			sourceTree = "<group>";
		};
		78C7465E27B0264100C6B19A /* LaunchScreen.storyboard */ = {
			isa = PBXVariantGroup;
			children = (
				78C7465F27B0264100C6B19A /* Base */,
			);
			name = LaunchScreen.storyboard;
			sourceTree = "<group>";
		};
/* End PBXVariantGroup section */

/* Begin XCBuildConfiguration section */
		78C7466227B0264100C6B19A /* Debug */ = {
			isa = XCBuildConfiguration;
			buildSettings = {
				ALWAYS_SEARCH_USER_PATHS = NO;
				CLANG_ANALYZER_NONNULL = YES;
				CLANG_ANALYZER_NUMBER_OBJECT_CONVERSION = YES_AGGRESSIVE;
				CLANG_CXX_LANGUAGE_STANDARD = "gnu++17";
				CLANG_CXX_LIBRARY = "libc++";
				CLANG_ENABLE_MODULES = YES;
				CLANG_ENABLE_OBJC_ARC = YES;
				CLANG_ENABLE_OBJC_WEAK = YES;
				CLANG_WARN_BLOCK_CAPTURE_AUTORELEASING = YES;
				CLANG_WARN_BOOL_CONVERSION = YES;
				CLANG_WARN_COMMA = YES;
				CLANG_WARN_CONSTANT_CONVERSION = YES;
				CLANG_WARN_DEPRECATED_OBJC_IMPLEMENTATIONS = YES;
				CLANG_WARN_DIRECT_OBJC_ISA_USAGE = YES_ERROR;
				CLANG_WARN_DOCUMENTATION_COMMENTS = YES;
				CLANG_WARN_EMPTY_BODY = YES;
				CLANG_WARN_ENUM_CONVERSION = YES;
				CLANG_WARN_INFINITE_RECURSION = YES;
				CLANG_WARN_INT_CONVERSION = YES;
				CLANG_WARN_NON_LITERAL_NULL_CONVERSION = YES;
				CLANG_WARN_OBJC_IMPLICIT_RETAIN_SELF = YES;
				CLANG_WARN_OBJC_LITERAL_CONVERSION = YES;
				CLANG_WARN_OBJC_ROOT_CLASS = YES_ERROR;
				CLANG_WARN_QUOTED_INCLUDE_IN_FRAMEWORK_HEADER = YES;
				CLANG_WARN_RANGE_LOOP_ANALYSIS = YES;
				CLANG_WARN_STRICT_PROTOTYPES = YES;
				CLANG_WARN_SUSPICIOUS_MOVE = YES;
				CLANG_WARN_UNGUARDED_AVAILABILITY = YES_AGGRESSIVE;
				CLANG_WARN_UNREACHABLE_CODE = YES;
				CLANG_WARN__DUPLICATE_METHOD_MATCH = YES;
				COPY_PHASE_STRIP = NO;
				DEBUG_INFORMATION_FORMAT = dwarf;
				ENABLE_STRICT_OBJC_MSGSEND = YES;
				ENABLE_TESTABILITY = YES;
				GCC_C_LANGUAGE_STANDARD = gnu11;
				GCC_DYNAMIC_NO_PIC = NO;
				GCC_NO_COMMON_BLOCKS = YES;
				GCC_OPTIMIZATION_LEVEL = 0;
				GCC_PREPROCESSOR_DEFINITIONS = (
					"DEBUG=1",
					"$(inherited)",
				);
				GCC_WARN_64_TO_32_BIT_CONVERSION = YES;
				GCC_WARN_ABOUT_RETURN_TYPE = YES_ERROR;
				GCC_WARN_UNDECLARED_SELECTOR = YES;
				GCC_WARN_UNINITIALIZED_AUTOS = YES_AGGRESSIVE;
				GCC_WARN_UNUSED_FUNCTION = YES;
				GCC_WARN_UNUSED_VARIABLE = YES;
				IPHONEOS_DEPLOYMENT_TARGET = 15.0;
				MTL_ENABLE_DEBUG_INFO = INCLUDE_SOURCE;
				MTL_FAST_MATH = YES;
				ONLY_ACTIVE_ARCH = YES;
				SDKROOT = iphoneos;
				SWIFT_ACTIVE_COMPILATION_CONDITIONS = DEBUG;
				SWIFT_OPTIMIZATION_LEVEL = "-Onone";
			};
			name = Debug;
		};
		78C7466327B0264100C6B19A /* Release */ = {
			isa = XCBuildConfiguration;
			buildSettings = {
				ALWAYS_SEARCH_USER_PATHS = NO;
				CLANG_ANALYZER_NONNULL = YES;
				CLANG_ANALYZER_NUMBER_OBJECT_CONVERSION = YES_AGGRESSIVE;
				CLANG_CXX_LANGUAGE_STANDARD = "gnu++17";
				CLANG_CXX_LIBRARY = "libc++";
				CLANG_ENABLE_MODULES = YES;
				CLANG_ENABLE_OBJC_ARC = YES;
				CLANG_ENABLE_OBJC_WEAK = YES;
				CLANG_WARN_BLOCK_CAPTURE_AUTORELEASING = YES;
				CLANG_WARN_BOOL_CONVERSION = YES;
				CLANG_WARN_COMMA = YES;
				CLANG_WARN_CONSTANT_CONVERSION = YES;
				CLANG_WARN_DEPRECATED_OBJC_IMPLEMENTATIONS = YES;
				CLANG_WARN_DIRECT_OBJC_ISA_USAGE = YES_ERROR;
				CLANG_WARN_DOCUMENTATION_COMMENTS = YES;
				CLANG_WARN_EMPTY_BODY = YES;
				CLANG_WARN_ENUM_CONVERSION = YES;
				CLANG_WARN_INFINITE_RECURSION = YES;
				CLANG_WARN_INT_CONVERSION = YES;
				CLANG_WARN_NON_LITERAL_NULL_CONVERSION = YES;
				CLANG_WARN_OBJC_IMPLICIT_RETAIN_SELF = YES;
				CLANG_WARN_OBJC_LITERAL_CONVERSION = YES;
				CLANG_WARN_OBJC_ROOT_CLASS = YES_ERROR;
				CLANG_WARN_QUOTED_INCLUDE_IN_FRAMEWORK_HEADER = YES;
				CLANG_WARN_RANGE_LOOP_ANALYSIS = YES;
				CLANG_WARN_STRICT_PROTOTYPES = YES;
				CLANG_WARN_SUSPICIOUS_MOVE = YES;
				CLANG_WARN_UNGUARDED_AVAILABILITY = YES_AGGRESSIVE;
				CLANG_WARN_UNREACHABLE_CODE = YES;
				CLANG_WARN__DUPLICATE_METHOD_MATCH = YES;
				COPY_PHASE_STRIP = NO;
				DEBUG_INFORMATION_FORMAT = "dwarf-with-dsym";
				ENABLE_NS_ASSERTIONS = NO;
				ENABLE_STRICT_OBJC_MSGSEND = YES;
				GCC_C_LANGUAGE_STANDARD = gnu11;
				GCC_NO_COMMON_BLOCKS = YES;
				GCC_WARN_64_TO_32_BIT_CONVERSION = YES;
				GCC_WARN_ABOUT_RETURN_TYPE = YES_ERROR;
				GCC_WARN_UNDECLARED_SELECTOR = YES;
				GCC_WARN_UNINITIALIZED_AUTOS = YES_AGGRESSIVE;
				GCC_WARN_UNUSED_FUNCTION = YES;
				GCC_WARN_UNUSED_VARIABLE = YES;
				IPHONEOS_DEPLOYMENT_TARGET = 15.0;
				MTL_ENABLE_DEBUG_INFO = NO;
				MTL_FAST_MATH = YES;
				SDKROOT = iphoneos;
				SWIFT_COMPILATION_MODE = wholemodule;
				SWIFT_OPTIMIZATION_LEVEL = "-O";
				VALIDATE_PRODUCT = YES;
			};
			name = Release;
		};
		78C7466527B0264100C6B19A /* Debug */ = {
			isa = XCBuildConfiguration;
			baseConfigurationReference = 32402FC8D255D0ED283C243D /* Pods-TMDb-Challenge.debug.xcconfig */;
			buildSettings = {
				ASSETCATALOG_COMPILER_APPICON_NAME = AppIcon;
				ASSETCATALOG_COMPILER_GLOBAL_ACCENT_COLOR_NAME = AccentColor;
				CODE_SIGN_STYLE = Automatic;
				CURRENT_PROJECT_VERSION = 1;
				DEVELOPMENT_TEAM = GQF65556QY;
				GENERATE_INFOPLIST_FILE = YES;
				INFOPLIST_FILE = "TMDb-Challenge/Info.plist";
				INFOPLIST_KEY_UIApplicationSupportsIndirectInputEvents = YES;
				INFOPLIST_KEY_UILaunchStoryboardName = LaunchScreen;
				INFOPLIST_KEY_UIMainStoryboardFile = Main;
				INFOPLIST_KEY_UISupportedInterfaceOrientations = UIInterfaceOrientationPortrait;
				INFOPLIST_KEY_UISupportedInterfaceOrientations_iPad = "UIInterfaceOrientationPortrait UIInterfaceOrientationPortraitUpsideDown UIInterfaceOrientationLandscapeLeft UIInterfaceOrientationLandscapeRight";
				INFOPLIST_KEY_UISupportedInterfaceOrientations_iPhone = "UIInterfaceOrientationPortrait UIInterfaceOrientationLandscapeLeft UIInterfaceOrientationLandscapeRight";
				LD_RUNPATH_SEARCH_PATHS = (
					"$(inherited)",
					"@executable_path/Frameworks",
				);
				MARKETING_VERSION = 1.0;
				PRODUCT_BUNDLE_IDENTIFIER = "johnallen.dev.TMDb-Challenge";
				PRODUCT_NAME = "$(TARGET_NAME)";
				SWIFT_EMIT_LOC_STRINGS = YES;
				SWIFT_VERSION = 5.0;
				TARGETED_DEVICE_FAMILY = 1;
			};
			name = Debug;
		};
		78C7466627B0264100C6B19A /* Release */ = {
			isa = XCBuildConfiguration;
			baseConfigurationReference = 20AC4B2BEE00E5F10F61EAD3 /* Pods-TMDb-Challenge.release.xcconfig */;
			buildSettings = {
				ASSETCATALOG_COMPILER_APPICON_NAME = AppIcon;
				ASSETCATALOG_COMPILER_GLOBAL_ACCENT_COLOR_NAME = AccentColor;
				CODE_SIGN_STYLE = Automatic;
				CURRENT_PROJECT_VERSION = 1;
				DEVELOPMENT_TEAM = GQF65556QY;
				GENERATE_INFOPLIST_FILE = YES;
				INFOPLIST_FILE = "TMDb-Challenge/Info.plist";
				INFOPLIST_KEY_UIApplicationSupportsIndirectInputEvents = YES;
				INFOPLIST_KEY_UILaunchStoryboardName = LaunchScreen;
				INFOPLIST_KEY_UIMainStoryboardFile = Main;
				INFOPLIST_KEY_UISupportedInterfaceOrientations = UIInterfaceOrientationPortrait;
				INFOPLIST_KEY_UISupportedInterfaceOrientations_iPad = "UIInterfaceOrientationPortrait UIInterfaceOrientationPortraitUpsideDown UIInterfaceOrientationLandscapeLeft UIInterfaceOrientationLandscapeRight";
				INFOPLIST_KEY_UISupportedInterfaceOrientations_iPhone = "UIInterfaceOrientationPortrait UIInterfaceOrientationLandscapeLeft UIInterfaceOrientationLandscapeRight";
				LD_RUNPATH_SEARCH_PATHS = (
					"$(inherited)",
					"@executable_path/Frameworks",
				);
				MARKETING_VERSION = 1.0;
				PRODUCT_BUNDLE_IDENTIFIER = "johnallen.dev.TMDb-Challenge";
				PRODUCT_NAME = "$(TARGET_NAME)";
				SWIFT_EMIT_LOC_STRINGS = YES;
				SWIFT_VERSION = 5.0;
				TARGETED_DEVICE_FAMILY = 1;
			};
			name = Release;
		};
/* End XCBuildConfiguration section */

/* Begin XCConfigurationList section */
		78C7464B27B0263F00C6B19A /* Build configuration list for PBXProject "TMDb-Challenge" */ = {
			isa = XCConfigurationList;
			buildConfigurations = (
				78C7466227B0264100C6B19A /* Debug */,
				78C7466327B0264100C6B19A /* Release */,
			);
			defaultConfigurationIsVisible = 0;
			defaultConfigurationName = Release;
		};
		78C7466427B0264100C6B19A /* Build configuration list for PBXNativeTarget "TMDb-Challenge" */ = {
			isa = XCConfigurationList;
			buildConfigurations = (
				78C7466527B0264100C6B19A /* Debug */,
				78C7466627B0264100C6B19A /* Release */,
			);
			defaultConfigurationIsVisible = 0;
			defaultConfigurationName = Release;
		};
/* End XCConfigurationList section */
	};
	rootObject = 78C7464827B0263F00C6B19A /* Project object */;
}
